
Microsoft Visual Studio Solution File, Format Version 12.00
# Visual Studio 14
VisualStudioVersion = 14.0.23107.0
MinimumVisualStudioVersion = 10.0.40219.1
Project("{FAE04EC0-301F-11D3-BF4B-00C04F79EFBC}") = "Task1", "Task1\Task1.csproj", "{80BB4F86-6B87-460B-B411-646BE62699B3}"
EndProject
Project("{FAE04EC0-301F-11D3-BF4B-00C04F79EFBC}") = "Task2", "Task2\Task2.csproj", "{499F8C5D-4777-4CDA-A3E2-CB0958C469F7}"
EndProject
Project("{FAE04EC0-301F-11D3-BF4B-00C04F79EFBC}") = "Task3", "Task3\Task3.csproj", "{B3DC5F39-DF74-4CF3-B825-A1744546B7ED}"
EndProject
Project("{FAE04EC0-301F-11D3-BF4B-00C04F79EFBC}") = "ConsoleUI", "ConsoleUI\ConsoleUI.csproj", "{DC3371A0-F463-479C-841B-0397930C3490}"
EndProject
Project("{FAE04EC0-301F-11D3-BF4B-00C04F79EFBC}") = "Task1.Tests", "Task1.Tests\Task1.Tests.csproj", "{DBD4893F-DDDF-440F-A489-354998074E37}"
EndProject
Project("{FAE04EC0-301F-11D3-BF4B-00C04F79EFBC}") = "Task4", "Task4\Task4.csproj", "{F22A690D-BC95-4A8D-B8B4-ACC716555455}"
EndProject
Project("{FAE04EC0-301F-11D3-BF4B-00C04F79EFBC}") = "Task4.Tests", "Task4.Tests\Task4.Tests.csproj", "{53ED178E-C248-412C-8A46-03E8CCC6AAF5}"
EndProject
Project("{FAE04EC0-301F-11D3-BF4B-00C04F79EFBC}") = "Task5", "Task5\Task5.csproj", "{E4A222F1-0B74-43DC-ABBE-A9B1EDEDFC14}"
EndProject
Global
	GlobalSection(SolutionConfigurationPlatforms) = preSolution
		Debug|Any CPU = Debug|Any CPU
		Release|Any CPU = Release|Any CPU
	EndGlobalSection
	GlobalSection(ProjectConfigurationPlatforms) = postSolution
		{80BB4F86-6B87-460B-B411-646BE62699B3}.Debug|Any CPU.ActiveCfg = Debug|Any CPU
		{80BB4F86-6B87-460B-B411-646BE62699B3}.Debug|Any CPU.Build.0 = Debug|Any CPU
		{80BB4F86-6B87-460B-B411-646BE62699B3}.Release|Any CPU.ActiveCfg = Release|Any CPU
		{80BB4F86-6B87-460B-B411-646BE62699B3}.Release|Any CPU.Build.0 = Release|Any CPU
		{499F8C5D-4777-4CDA-A3E2-CB0958C469F7}.Debug|Any CPU.ActiveCfg = Debug|Any CPU
		{499F8C5D-4777-4CDA-A3E2-CB0958C469F7}.Debug|Any CPU.Build.0 = Debug|Any CPU
		{499F8C5D-4777-4CDA-A3E2-CB0958C469F7}.Release|Any CPU.ActiveCfg = Release|Any CPU
		{499F8C5D-4777-4CDA-A3E2-CB0958C469F7}.Release|Any CPU.Build.0 = Release|Any CPU
		{B3DC5F39-DF74-4CF3-B825-A1744546B7ED}.Debug|Any CPU.ActiveCfg = Debug|Any CPU
		{B3DC5F39-DF74-4CF3-B825-A1744546B7ED}.Debug|Any CPU.Build.0 = Debug|Any CPU
		{B3DC5F39-DF74-4CF3-B825-A1744546B7ED}.Release|Any CPU.ActiveCfg = Release|Any CPU
		{B3DC5F39-DF74-4CF3-B825-A1744546B7ED}.Release|Any CPU.Build.0 = Release|Any CPU
		{DC3371A0-F463-479C-841B-0397930C3490}.Debug|Any CPU.ActiveCfg = Debug|Any CPU
		{DC3371A0-F463-479C-841B-0397930C3490}.Debug|Any CPU.Build.0 = Debug|Any CPU
		{DC3371A0-F463-479C-841B-0397930C3490}.Release|Any CPU.ActiveCfg = Release|Any CPU
		{DC3371A0-F463-479C-841B-0397930C3490}.Release|Any CPU.Build.0 = Release|Any CPU
		{DBD4893F-DDDF-440F-A489-354998074E37}.Debug|Any CPU.ActiveCfg = Debug|Any CPU
		{DBD4893F-DDDF-440F-A489-354998074E37}.Debug|Any CPU.Build.0 = Debug|Any CPU
		{DBD4893F-DDDF-440F-A489-354998074E37}.Release|Any CPU.ActiveCfg = Release|Any CPU
		{DBD4893F-DDDF-440F-A489-354998074E37}.Release|Any CPU.Build.0 = Release|Any CPU
		{F22A690D-BC95-4A8D-B8B4-ACC716555455}.Debug|Any CPU.ActiveCfg = Debug|Any CPU
		{F22A690D-BC95-4A8D-B8B4-ACC716555455}.Debug|Any CPU.Build.0 = Debug|Any CPU
		{F22A690D-BC95-4A8D-B8B4-ACC716555455}.Release|Any CPU.ActiveCfg = Release|Any CPU
		{F22A690D-BC95-4A8D-B8B4-ACC716555455}.Release|Any CPU.Build.0 = Release|Any CPU
		{53ED178E-C248-412C-8A46-03E8CCC6AAF5}.Debug|Any CPU.ActiveCfg = Debug|Any CPU
		{53ED178E-C248-412C-8A46-03E8CCC6AAF5}.Debug|Any CPU.Build.0 = Debug|Any CPU
		{53ED178E-C248-412C-8A46-03E8CCC6AAF5}.Release|Any CPU.ActiveCfg = Release|Any CPU
		{53ED178E-C248-412C-8A46-03E8CCC6AAF5}.Release|Any CPU.Build.0 = Release|Any CPU
		{E4A222F1-0B74-43DC-ABBE-A9B1EDEDFC14}.Debug|Any CPU.ActiveCfg = Debug|Any CPU
		{E4A222F1-0B74-43DC-ABBE-A9B1EDEDFC14}.Debug|Any CPU.Build.0 = Debug|Any CPU
		{E4A222F1-0B74-43DC-ABBE-A9B1EDEDFC14}.Release|Any CPU.ActiveCfg = Release|Any CPU
		{E4A222F1-0B74-43DC-ABBE-A9B1EDEDFC14}.Release|Any CPU.Build.0 = Release|Any CPU
	EndGlobalSection
	GlobalSection(SolutionProperties) = preSolution
		HideSolutionNode = FALSE
	EndGlobalSection
EndGlobal
